
Microsoft Visual Studio Solution File, Format Version 12.00
# Visual Studio Version 16
VisualStudioVersion = 16.0.31605.320
MinimumVisualStudioVersion = 10.0.40219.1
Project("{FAE04EC0-301F-11D3-BF4B-00C04F79EFBC}") = "RateSetter", "RateSetter\RateSetter.csproj", "{173C1733-F0FA-446F-B397-71E170998622}"
EndProject
Project("{FAE04EC0-301F-11D3-BF4B-00C04F79EFBC}") = "RateSetter.Tests", "RateSetter.Tests\RateSetter.Tests.csproj", "{3CE51B36-98E5-4BC9-BB26-C7F97B2C893D}"
EndProject
Global
	GlobalSection(SolutionConfigurationPlatforms) = preSolution
		Debug|Any CPU = Debug|Any CPU
		Release|Any CPU = Release|Any CPU
	EndGlobalSection
	GlobalSection(ProjectConfigurationPlatforms) = postSolution
		{173C1733-F0FA-446F-B397-71E170998622}.Debug|Any CPU.ActiveCfg = Debug|Any CPU
		{173C1733-F0FA-446F-B397-71E170998622}.Debug|Any CPU.Build.0 = Debug|Any CPU
		{173C1733-F0FA-446F-B397-71E170998622}.Release|Any CPU.ActiveCfg = Release|Any CPU
		{173C1733-F0FA-446F-B397-71E170998622}.Release|Any CPU.Build.0 = Release|Any CPU
		{3CE51B36-98E5-4BC9-BB26-C7F97B2C893D}.Debug|Any CPU.ActiveCfg = Debug|Any CPU
		{3CE51B36-98E5-4BC9-BB26-C7F97B2C893D}.Debug|Any CPU.Build.0 = Debug|Any CPU
		{3CE51B36-98E5-4BC9-BB26-C7F97B2C893D}.Release|Any CPU.ActiveCfg = Release|Any CPU
		{3CE51B36-98E5-4BC9-BB26-C7F97B2C893D}.Release|Any CPU.Build.0 = Release|Any CPU
	EndGlobalSection
	GlobalSection(SolutionProperties) = preSolution
		HideSolutionNode = FALSE
	EndGlobalSection
	GlobalSection(ExtensibilityGlobals) = postSolution
		SolutionGuid = {8A6FF97A-04D3-4AEB-AF0B-E1490A11DB36}
	EndGlobalSection
EndGlobal
